Microsoft Visual Studio Solution File, Format Version 12.00
# Visual Studio Version 17
VisualStudioVersion = 17.5.2.0
MinimumVisualStudioVersion = 10.0.40219.1
Project("{FAE04EC0-301F-11D3-BF4B-00C04F79EFBC}") = "msbuildtest", "msbuildtest.csproj", "{DB32E576-8100-EE44-7FB9-B98F22036C70}"
EndProject
Global
	GlobalSection(SolutionConfigurationPlatforms) = preSolution
		Debug|Any CPU = Debug|Any CPU
		Release|Any CPU = Release|Any CPU
	EndGlobalSection
	GlobalSection(ProjectConfigurationPlatforms) = postSolution
		{DB32E576-8100-EE44-7FB9-B98F22036C70}.Debug|Any CPU.ActiveCfg = Debug|Any CPU
		{DB32E576-8100-EE44-7FB9-B98F22036C70}.Debug|Any CPU.Build.0 = Debug|Any CPU
		{DB32E576-8100-EE44-7FB9-B98F22036C70}.Release|Any CPU.ActiveCfg = Release|Any CPU
		{DB32E576-8100-EE44-7FB9-B98F22036C70}.Release|Any CPU.Build.0 = Release|Any CPU
	EndGlobalSection
	GlobalSection(SolutionProperties) = preSolution
		HideSolutionNode = FALSE
	EndGlobalSection
	GlobalSection(ExtensibilityGlobals) = postSolution
		SolutionGuid = {2E3BAB81-03F7-4E71-8933-D1BE5C481332}
	EndGlobalSection
EndGlobal
